
Microsoft Visual Studio Solution File, Format Version 12.00
# Visual Studio Version 16
VisualStudioVersion = 16.0.30523.141
MinimumVisualStudioVersion = 10.0.40219.1
Project("{FAE04EC0-301F-11D3-BF4B-00C04F79EFBC}") = "Server", "Server\Server.csproj", "{D6E95AAF-951A-4A5D-A21D-260F6ED09B7F}"
EndProject
Project("{FAE04EC0-301F-11D3-BF4B-00C04F79EFBC}") = "Client", "Client\Client.csproj", "{11762CFB-184C-4BFA-9A06-4CF8CC2F5FE8}"
EndProject
Project("{9A19103F-16F7-4668-BE54-9A1E7A4F7556}") = "Packets", "Packets\Packets.csproj", "{F14CE456-1972-4B78-B064-7A3B14D1A62A}"
EndProject
Project("{FAE04EC0-301F-11D3-BF4B-00C04F79EFBC}") = "Security", "Security\Security.csproj", "{9B39F912-00F0-4683-9476-739B4ACCFB80}"
EndProject
Global
	GlobalSection(SolutionConfigurationPlatforms) = preSolution
		Debug|Any CPU = Debug|Any CPU
		Release|Any CPU = Release|Any CPU
	EndGlobalSection
	GlobalSection(ProjectConfigurationPlatforms) = postSolution
		{D6E95AAF-951A-4A5D-A21D-260F6ED09B7F}.Debug|Any CPU.ActiveCfg = Debug|Any CPU
		{D6E95AAF-951A-4A5D-A21D-260F6ED09B7F}.Debug|Any CPU.Build.0 = Debug|Any CPU
		{D6E95AAF-951A-4A5D-A21D-260F6ED09B7F}.Release|Any CPU.ActiveCfg = Release|Any CPU
		{D6E95AAF-951A-4A5D-A21D-260F6ED09B7F}.Release|Any CPU.Build.0 = Release|Any CPU
		{11762CFB-184C-4BFA-9A06-4CF8CC2F5FE8}.Debug|Any CPU.ActiveCfg = Debug|Any CPU
		{11762CFB-184C-4BFA-9A06-4CF8CC2F5FE8}.Debug|Any CPU.Build.0 = Debug|Any CPU
		{11762CFB-184C-4BFA-9A06-4CF8CC2F5FE8}.Release|Any CPU.ActiveCfg = Release|Any CPU
		{11762CFB-184C-4BFA-9A06-4CF8CC2F5FE8}.Release|Any CPU.Build.0 = Release|Any CPU
		{F14CE456-1972-4B78-B064-7A3B14D1A62A}.Debug|Any CPU.ActiveCfg = Debug|Any CPU
		{F14CE456-1972-4B78-B064-7A3B14D1A62A}.Debug|Any CPU.Build.0 = Debug|Any CPU
		{F14CE456-1972-4B78-B064-7A3B14D1A62A}.Release|Any CPU.ActiveCfg = Release|Any CPU
		{F14CE456-1972-4B78-B064-7A3B14D1A62A}.Release|Any CPU.Build.0 = Release|Any CPU
		{9B39F912-00F0-4683-9476-739B4ACCFB80}.Debug|Any CPU.ActiveCfg = Debug|Any CPU
		{9B39F912-00F0-4683-9476-739B4ACCFB80}.Debug|Any CPU.Build.0 = Debug|Any CPU
		{9B39F912-00F0-4683-9476-739B4ACCFB80}.Release|Any CPU.ActiveCfg = Release|Any CPU
		{9B39F912-00F0-4683-9476-739B4ACCFB80}.Release|Any CPU.Build.0 = Release|Any CPU
	EndGlobalSection
	GlobalSection(SolutionProperties) = preSolution
		HideSolutionNode = FALSE
	EndGlobalSection
	GlobalSection(ExtensibilityGlobals) = postSolution
		SolutionGuid = {F37C2D54-67CF-4887-935D-96A92A342789}
	EndGlobalSection
EndGlobal
